
Microsoft Visual Studio Solution File, Format Version 12.00
# Visual Studio Version 17
VisualStudioVersion = 17.6.33712.159
MinimumVisualStudioVersion = 10.0.40219.1
Project("{FAE04EC0-301F-11D3-BF4B-00C04F79EFBC}") = "DataTempatMakan", "DataTempatMakan\DataTempatMakan.csproj", "{322AE114-FF4A-4342-B465-8756C3B0B12B}"
EndProject
Global
	GlobalSection(SolutionConfigurationPlatforms) = preSolution
		Debug|Any CPU = Debug|Any CPU
		Release|Any CPU = Release|Any CPU
	EndGlobalSection
	GlobalSection(ProjectConfigurationPlatforms) = postSolution
		{322AE114-FF4A-4342-B465-8756C3B0B12B}.Debug|Any CPU.ActiveCfg = Debug|Any CPU
		{322AE114-FF4A-4342-B465-8756C3B0B12B}.Debug|Any CPU.Build.0 = Debug|Any CPU
		{322AE114-FF4A-4342-B465-8756C3B0B12B}.Release|Any CPU.ActiveCfg = Release|Any CPU
		{322AE114-FF4A-4342-B465-8756C3B0B12B}.Release|Any CPU.Build.0 = Release|Any CPU
	EndGlobalSection
	GlobalSection(SolutionProperties) = preSolution
		HideSolutionNode = FALSE
	EndGlobalSection
	GlobalSection(ExtensibilityGlobals) = postSolution
		SolutionGuid = {B21E3ED7-5F38-48E4-9B1A-295C29C27388}
	EndGlobalSection
EndGlobal
